
Microsoft Visual Studio Solution File, Format Version 12.00
# Visual Studio Version 17
VisualStudioVersion = 17.10.35027.167
MinimumVisualStudioVersion = 10.0.40219.1
Project("{FAE04EC0-301F-11D3-BF4B-00C04F79EFBC}") = "BrasilApp", "BrasilApp.csproj", "{7EC0FCC7-4355-4855-84D3-B899DDAC6C69}"
EndProject
Global
	GlobalSection(SolutionConfigurationPlatforms) = preSolution
		Debug|Any CPU = Debug|Any CPU
		Release|Any CPU = Release|Any CPU
	EndGlobalSection
	GlobalSection(ProjectConfigurationPlatforms) = postSolution
		{7EC0FCC7-4355-4855-84D3-B899DDAC6C69}.Debug|Any CPU.ActiveCfg = Debug|Any CPU
		{7EC0FCC7-4355-4855-84D3-B899DDAC6C69}.Debug|Any CPU.Build.0 = Debug|Any CPU
		{7EC0FCC7-4355-4855-84D3-B899DDAC6C69}.Debug|Any CPU.Deploy.0 = Debug|Any CPU
		{7EC0FCC7-4355-4855-84D3-B899DDAC6C69}.Release|Any CPU.ActiveCfg = Release|Any CPU
		{7EC0FCC7-4355-4855-84D3-B899DDAC6C69}.Release|Any CPU.Build.0 = Release|Any CPU
		{7EC0FCC7-4355-4855-84D3-B899DDAC6C69}.Release|Any CPU.Deploy.0 = Release|Any CPU
	EndGlobalSection
	GlobalSection(SolutionProperties) = preSolution
		HideSolutionNode = FALSE
	EndGlobalSection
	GlobalSection(ExtensibilityGlobals) = postSolution
		SolutionGuid = {05461CFB-334E-46CF-A388-E46C8C01C8A9}
	EndGlobalSection
EndGlobal
